// !$*UTF8*$!
{
	archiveVersion = 1;
	classes = {
	};
	objectVersion = 46;
	objects = {

/* Begin PBXBuildFile section */
		65598A13187C59EB00C46A51 /* FWTNotifiableManager.m in Sources */ = {isa = PBXBuildFile; fileRef = 65598A10187C59EB00C46A51 /* FWTNotifiableManager.m */; };
		7837C7BE1C4D63A4007B2F61 /* NSData+FWTNotifiable.m in Sources */ = {isa = PBXBuildFile; fileRef = 7837C7BD1C4D63A4007B2F61 /* NSData+FWTNotifiable.m */; };
		7837C7C11C4D7258007B2F61 /* NSError+FWTNotifiable.m in Sources */ = {isa = PBXBuildFile; fileRef = 7837C7C01C4D7258007B2F61 /* NSError+FWTNotifiable.m */; };
		7879F6EC1C494D8E00C6176C /* FWTHTTPRequester.m in Sources */ = {isa = PBXBuildFile; fileRef = 7879F6EB1C494D8E00C6176C /* FWTHTTPRequester.m */; };
		7879F7131C494EED00C6176C /* AFHTTPSessionManager.m in Sources */ = {isa = PBXBuildFile; fileRef = 7879F6F01C494EED00C6176C /* AFHTTPSessionManager.m */; };
		7879F7141C494EED00C6176C /* AFNetworkReachabilityManager.m in Sources */ = {isa = PBXBuildFile; fileRef = 7879F6F31C494EED00C6176C /* AFNetworkReachabilityManager.m */; };
		7879F7151C494EED00C6176C /* AFSecurityPolicy.m in Sources */ = {isa = PBXBuildFile; fileRef = 7879F6F51C494EED00C6176C /* AFSecurityPolicy.m */; };
		7879F7161C494EED00C6176C /* AFURLRequestSerialization.m in Sources */ = {isa = PBXBuildFile; fileRef = 7879F6F71C494EED00C6176C /* AFURLRequestSerialization.m */; };
		7879F7171C494EED00C6176C /* AFURLResponseSerialization.m in Sources */ = {isa = PBXBuildFile; fileRef = 7879F6F91C494EED00C6176C /* AFURLResponseSerialization.m */; };
		7879F7181C494EED00C6176C /* AFURLSessionManager.m in Sources */ = {isa = PBXBuildFile; fileRef = 7879F6FB1C494EED00C6176C /* AFURLSessionManager.m */; };
		7879F71A1C494EED00C6176C /* AFAutoPurgingImageCache.m in Sources */ = {isa = PBXBuildFile; fileRef = 7879F7001C494EED00C6176C /* AFAutoPurgingImageCache.m */; };
		7879F71B1C494EED00C6176C /* AFImageDownloader.m in Sources */ = {isa = PBXBuildFile; fileRef = 7879F7021C494EED00C6176C /* AFImageDownloader.m */; };
		7879F71C1C494EED00C6176C /* AFNetworkActivityIndicatorManager.m in Sources */ = {isa = PBXBuildFile; fileRef = 7879F7041C494EED00C6176C /* AFNetworkActivityIndicatorManager.m */; };
		7879F71D1C494EED00C6176C /* UIActivityIndicatorView+AFNetworking.m in Sources */ = {isa = PBXBuildFile; fileRef = 7879F7061C494EED00C6176C /* UIActivityIndicatorView+AFNetworking.m */; };
		7879F71E1C494EED00C6176C /* UIButton+AFNetworking.m in Sources */ = {isa = PBXBuildFile; fileRef = 7879F7081C494EED00C6176C /* UIButton+AFNetworking.m */; };
		7879F71F1C494EED00C6176C /* UIImageView+AFNetworking.m in Sources */ = {isa = PBXBuildFile; fileRef = 7879F70B1C494EED00C6176C /* UIImageView+AFNetworking.m */; };
		7879F7201C494EED00C6176C /* UIProgressView+AFNetworking.m in Sources */ = {isa = PBXBuildFile; fileRef = 7879F70E1C494EED00C6176C /* UIProgressView+AFNetworking.m */; };
		7879F7211C494EED00C6176C /* UIRefreshControl+AFNetworking.m in Sources */ = {isa = PBXBuildFile; fileRef = 7879F7101C494EED00C6176C /* UIRefreshControl+AFNetworking.m */; };
		7879F7221C494EED00C6176C /* UIWebView+AFNetworking.m in Sources */ = {isa = PBXBuildFile; fileRef = 7879F7121C494EED00C6176C /* UIWebView+AFNetworking.m */; };
		7879F7261C49549500C6176C /* FWTNotifiableAuthenticator.m in Sources */ = {isa = PBXBuildFile; fileRef = 7879F7251C49549500C6176C /* FWTNotifiableAuthenticator.m */; };
		78843C681C4E55360044CE25 /* FWTRequesterManager.m in Sources */ = {isa = PBXBuildFile; fileRef = 78843C671C4E55360044CE25 /* FWTRequesterManager.m */; };
		78843C6F1C4E68AE0044CE25 /* FWTDefaultNotifiableLogger.m in Sources */ = {isa = PBXBuildFile; fileRef = 78843C6E1C4E68AE0044CE25 /* FWTDefaultNotifiableLogger.m */; };
		78843C731C4E9B090044CE25 /* FWTNotifiableDevice.m in Sources */ = {isa = PBXBuildFile; fileRef = 78843C721C4E9B090044CE25 /* FWTNotifiableDevice.m */; };
		78843C791C4E9D130044CE25 /* FWTNotifiableDevice+Private.m in Sources */ = {isa = PBXBuildFile; fileRef = 78843C781C4E9D130044CE25 /* FWTNotifiableDevice+Private.m */; };
		8E4119CD17E9B9D1000CD6F3 /* Foundation.framework in Frameworks */ = {isa = PBXBuildFile; fileRef = 8E4119CC17E9B9D1000CD6F3 /* Foundation.framework */; };
		8E4119DB17E9B9D1000CD6F3 /* XCTest.framework in Frameworks */ = {isa = PBXBuildFile; fileRef = 8E4119DA17E9B9D1000CD6F3 /* XCTest.framework */; };
		8E4119DC17E9B9D1000CD6F3 /* Foundation.framework in Frameworks */ = {isa = PBXBuildFile; fileRef = 8E4119CC17E9B9D1000CD6F3 /* Foundation.framework */; };
		8E4119E117E9B9D1000CD6F3 /* libFWTNotifiable.a in Frameworks */ = {isa = PBXBuildFile; fileRef = 8E4119C917E9B9D1000CD6F3 /* libFWTNotifiable.a */; };
		8E4119E717E9B9D1000CD6F3 /* InfoPlist.strings in Resources */ = {isa = PBXBuildFile; fileRef = 8E4119E517E9B9D1000CD6F3 /* InfoPlist.strings */; };
		8E4119E917E9B9D1000CD6F3 /* Notifiable-iOSTests.m in Sources */ = {isa = PBXBuildFile; fileRef = 8E4119E817E9B9D1000CD6F3 /* Notifiable-iOSTests.m */; };
		8E4119F617E9BC53000CD6F3 /* UIKit.framework in Frameworks */ = {isa = PBXBuildFile; fileRef = 8E4119F517E9BC53000CD6F3 /* UIKit.framework */; };
/* End PBXBuildFile section */

/* Begin PBXContainerItemProxy section */
		8E4119DF17E9B9D1000CD6F3 /* PBXContainerItemProxy */ = {
			isa = PBXContainerItemProxy;
			containerPortal = 8E4119C117E9B9D1000CD6F3 /* Project object */;
			proxyType = 1;
			remoteGlobalIDString = 8E4119C817E9B9D1000CD6F3;
			remoteInfo = FWTPushNotifications;
		};
/* End PBXContainerItemProxy section */

/* Begin PBXCopyFilesBuildPhase section */
		8E4119C717E9B9D1000CD6F3 /* CopyFiles */ = {
			isa = PBXCopyFilesBuildPhase;
			buildActionMask = 2147483647;
			dstPath = "include/$(PRODUCT_NAME)";
			dstSubfolderSpec = 16;
			files = (
			);
			runOnlyForDeploymentPostprocessing = 0;
		};
/* End PBXCopyFilesBuildPhase section */

/* Begin PBXFileReference section */
		65598A0F187C59EB00C46A51 /* FWTNotifiableManager.h */ = {isa = PBXFileReference; fileEncoding = 4; lastKnownFileType = sourcecode.c.h; name = FWTNotifiableManager.h; path = "Notifiable-iOS/FWTNotifiableManager.h"; sourceTree = SOURCE_ROOT; };
		65598A10187C59EB00C46A51 /* FWTNotifiableManager.m */ = {isa = PBXFileReference; fileEncoding = 4; lastKnownFileType = sourcecode.c.objc; name = FWTNotifiableManager.m; path = "Notifiable-iOS/FWTNotifiableManager.m"; sourceTree = SOURCE_ROOT; };
		7837C7BC1C4D63A4007B2F61 /* NSData+FWTNotifiable.h */ = {isa = PBXFileReference; fileEncoding = 4; lastKnownFileType = sourcecode.c.h; name = "NSData+FWTNotifiable.h"; path = "Notifiable-iOS/Category/NSData+FWTNotifiable.h"; sourceTree = SOURCE_ROOT; };
		7837C7BD1C4D63A4007B2F61 /* NSData+FWTNotifiable.m */ = {isa = PBXFileReference; fileEncoding = 4; lastKnownFileType = sourcecode.c.objc; name = "NSData+FWTNotifiable.m"; path = "Notifiable-iOS/Category/NSData+FWTNotifiable.m"; sourceTree = SOURCE_ROOT; };
		7837C7BF1C4D7258007B2F61 /* NSError+FWTNotifiable.h */ = {isa = PBXFileReference; fileEncoding = 4; lastKnownFileType = sourcecode.c.h; name = "NSError+FWTNotifiable.h"; path = "Notifiable-iOS/Category/NSError+FWTNotifiable.h"; sourceTree = SOURCE_ROOT; };
		7837C7C01C4D7258007B2F61 /* NSError+FWTNotifiable.m */ = {isa = PBXFileReference; fileEncoding = 4; lastKnownFileType = sourcecode.c.objc; name = "NSError+FWTNotifiable.m"; path = "Notifiable-iOS/Category/NSError+FWTNotifiable.m"; sourceTree = SOURCE_ROOT; };
		7879F6EA1C494D8E00C6176C /* FWTHTTPRequester.h */ = {isa = PBXFileReference; fileEncoding = 4; lastKnownFileType = sourcecode.c.h; name = FWTHTTPRequester.h; path = "Notifiable-iOS/Network/FWTHTTPRequester.h"; sourceTree = SOURCE_ROOT; };
		7879F6EB1C494D8E00C6176C /* FWTHTTPRequester.m */ = {isa = PBXFileReference; fileEncoding = 4; lastKnownFileType = sourcecode.c.objc; name = FWTHTTPRequester.m; path = "Notifiable-iOS/Network/FWTHTTPRequester.m"; sourceTree = SOURCE_ROOT; };
		7879F6EF1C494EED00C6176C /* AFHTTPSessionManager.h */ = {isa = PBXFileReference; fileEncoding = 4; lastKnownFileType = sourcecode.c.h; path = AFHTTPSessionManager.h; sourceTree = "<group>"; };
		7879F6F01C494EED00C6176C /* AFHTTPSessionManager.m */ = {isa = PBXFileReference; fileEncoding = 4; lastKnownFileType = sourcecode.c.objc; path = AFHTTPSessionManager.m; sourceTree = "<group>"; };
		7879F6F11C494EED00C6176C /* AFNetworking.h */ = {isa = PBXFileReference; fileEncoding = 4; lastKnownFileType = sourcecode.c.h; path = AFNetworking.h; sourceTree = "<group>"; };
		7879F6F21C494EED00C6176C /* AFNetworkReachabilityManager.h */ = {isa = PBXFileReference; fileEncoding = 4; lastKnownFileType = sourcecode.c.h; path = AFNetworkReachabilityManager.h; sourceTree = "<group>"; };
		7879F6F31C494EED00C6176C /* AFNetworkReachabilityManager.m */ = {isa = PBXFileReference; fileEncoding = 4; lastKnownFileType = sourcecode.c.objc; path = AFNetworkReachabilityManager.m; sourceTree = "<group>"; };
		7879F6F41C494EED00C6176C /* AFSecurityPolicy.h */ = {isa = PBXFileReference; fileEncoding = 4; lastKnownFileType = sourcecode.c.h; path = AFSecurityPolicy.h; sourceTree = "<group>"; };
		7879F6F51C494EED00C6176C /* AFSecurityPolicy.m */ = {isa = PBXFileReference; fileEncoding = 4; lastKnownFileType = sourcecode.c.objc; path = AFSecurityPolicy.m; sourceTree = "<group>"; };
		7879F6F61C494EED00C6176C /* AFURLRequestSerialization.h */ = {isa = PBXFileReference; fileEncoding = 4; lastKnownFileType = sourcecode.c.h; path = AFURLRequestSerialization.h; sourceTree = "<group>"; };
		7879F6F71C494EED00C6176C /* AFURLRequestSerialization.m */ = {isa = PBXFileReference; fileEncoding = 4; lastKnownFileType = sourcecode.c.objc; path = AFURLRequestSerialization.m; sourceTree = "<group>"; };
		7879F6F81C494EED00C6176C /* AFURLResponseSerialization.h */ = {isa = PBXFileReference; fileEncoding = 4; lastKnownFileType = sourcecode.c.h; path = AFURLResponseSerialization.h; sourceTree = "<group>"; };
		7879F6F91C494EED00C6176C /* AFURLResponseSerialization.m */ = {isa = PBXFileReference; fileEncoding = 4; lastKnownFileType = sourcecode.c.objc; path = AFURLResponseSerialization.m; sourceTree = "<group>"; };
		7879F6FA1C494EED00C6176C /* AFURLSessionManager.h */ = {isa = PBXFileReference; fileEncoding = 4; lastKnownFileType = sourcecode.c.h; path = AFURLSessionManager.h; sourceTree = "<group>"; };
		7879F6FB1C494EED00C6176C /* AFURLSessionManager.m */ = {isa = PBXFileReference; fileEncoding = 4; lastKnownFileType = sourcecode.c.objc; path = AFURLSessionManager.m; sourceTree = "<group>"; };
		7879F6FC1C494EED00C6176C /* LICENSE */ = {isa = PBXFileReference; fileEncoding = 4; lastKnownFileType = text; path = LICENSE; sourceTree = "<group>"; };
		7879F6FD1C494EED00C6176C /* README.md */ = {isa = PBXFileReference; fileEncoding = 4; lastKnownFileType = net.daringfireball.markdown; path = README.md; sourceTree = "<group>"; };
		7879F6FF1C494EED00C6176C /* AFAutoPurgingImageCache.h */ = {isa = PBXFileReference; fileEncoding = 4; lastKnownFileType = sourcecode.c.h; path = AFAutoPurgingImageCache.h; sourceTree = "<group>"; };
		7879F7001C494EED00C6176C /* AFAutoPurgingImageCache.m */ = {isa = PBXFileReference; fileEncoding = 4; lastKnownFileType = sourcecode.c.objc; path = AFAutoPurgingImageCache.m; sourceTree = "<group>"; };
		7879F7011C494EED00C6176C /* AFImageDownloader.h */ = {isa = PBXFileReference; fileEncoding = 4; lastKnownFileType = sourcecode.c.h; path = AFImageDownloader.h; sourceTree = "<group>"; };
		7879F7021C494EED00C6176C /* AFImageDownloader.m */ = {isa = PBXFileReference; fileEncoding = 4; lastKnownFileType = sourcecode.c.objc; path = AFImageDownloader.m; sourceTree = "<group>"; };
		7879F7031C494EED00C6176C /* AFNetworkActivityIndicatorManager.h */ = {isa = PBXFileReference; fileEncoding = 4; lastKnownFileType = sourcecode.c.h; path = AFNetworkActivityIndicatorManager.h; sourceTree = "<group>"; };
		7879F7041C494EED00C6176C /* AFNetworkActivityIndicatorManager.m */ = {isa = PBXFileReference; fileEncoding = 4; lastKnownFileType = sourcecode.c.objc; path = AFNetworkActivityIndicatorManager.m; sourceTree = "<group>"; };
		7879F7051C494EED00C6176C /* UIActivityIndicatorView+AFNetworking.h */ = {isa = PBXFileReference; fileEncoding = 4; lastKnownFileType = sourcecode.c.h; path = "UIActivityIndicatorView+AFNetworking.h"; sourceTree = "<group>"; };
		7879F7061C494EED00C6176C /* UIActivityIndicatorView+AFNetworking.m */ = {isa = PBXFileReference; fileEncoding = 4; lastKnownFileType = sourcecode.c.objc; path = "UIActivityIndicatorView+AFNetworking.m"; sourceTree = "<group>"; };
		7879F7071C494EED00C6176C /* UIButton+AFNetworking.h */ = {isa = PBXFileReference; fileEncoding = 4; lastKnownFileType = sourcecode.c.h; path = "UIButton+AFNetworking.h"; sourceTree = "<group>"; };
		7879F7081C494EED00C6176C /* UIButton+AFNetworking.m */ = {isa = PBXFileReference; fileEncoding = 4; lastKnownFileType = sourcecode.c.objc; path = "UIButton+AFNetworking.m"; sourceTree = "<group>"; };
		7879F7091C494EED00C6176C /* UIImage+AFNetworking.h */ = {isa = PBXFileReference; fileEncoding = 4; lastKnownFileType = sourcecode.c.h; path = "UIImage+AFNetworking.h"; sourceTree = "<group>"; };
		7879F70A1C494EED00C6176C /* UIImageView+AFNetworking.h */ = {isa = PBXFileReference; fileEncoding = 4; lastKnownFileType = sourcecode.c.h; path = "UIImageView+AFNetworking.h"; sourceTree = "<group>"; };
		7879F70B1C494EED00C6176C /* UIImageView+AFNetworking.m */ = {isa = PBXFileReference; fileEncoding = 4; lastKnownFileType = sourcecode.c.objc; path = "UIImageView+AFNetworking.m"; sourceTree = "<group>"; };
		7879F70C1C494EED00C6176C /* UIKit+AFNetworking.h */ = {isa = PBXFileReference; fileEncoding = 4; lastKnownFileType = sourcecode.c.h; path = "UIKit+AFNetworking.h"; sourceTree = "<group>"; };
		7879F70D1C494EED00C6176C /* UIProgressView+AFNetworking.h */ = {isa = PBXFileReference; fileEncoding = 4; lastKnownFileType = sourcecode.c.h; path = "UIProgressView+AFNetworking.h"; sourceTree = "<group>"; };
		7879F70E1C494EED00C6176C /* UIProgressView+AFNetworking.m */ = {isa = PBXFileReference; fileEncoding = 4; lastKnownFileType = sourcecode.c.objc; path = "UIProgressView+AFNetworking.m"; sourceTree = "<group>"; };
		7879F70F1C494EED00C6176C /* UIRefreshControl+AFNetworking.h */ = {isa = PBXFileReference; fileEncoding = 4; lastKnownFileType = sourcecode.c.h; path = "UIRefreshControl+AFNetworking.h"; sourceTree = "<group>"; };
		7879F7101C494EED00C6176C /* UIRefreshControl+AFNetworking.m */ = {isa = PBXFileReference; fileEncoding = 4; lastKnownFileType = sourcecode.c.objc; path = "UIRefreshControl+AFNetworking.m"; sourceTree = "<group>"; };
		7879F7111C494EED00C6176C /* UIWebView+AFNetworking.h */ = {isa = PBXFileReference; fileEncoding = 4; lastKnownFileType = sourcecode.c.h; path = "UIWebView+AFNetworking.h"; sourceTree = "<group>"; };
		7879F7121C494EED00C6176C /* UIWebView+AFNetworking.m */ = {isa = PBXFileReference; fileEncoding = 4; lastKnownFileType = sourcecode.c.objc; path = "UIWebView+AFNetworking.m"; sourceTree = "<group>"; };
		7879F7241C49549400C6176C /* FWTNotifiableAuthenticator.h */ = {isa = PBXFileReference; fileEncoding = 4; lastKnownFileType = sourcecode.c.h; name = FWTNotifiableAuthenticator.h; path = "Notifiable-iOS/Security/FWTNotifiableAuthenticator.h"; sourceTree = SOURCE_ROOT; };
		7879F7251C49549500C6176C /* FWTNotifiableAuthenticator.m */ = {isa = PBXFileReference; fileEncoding = 4; lastKnownFileType = sourcecode.c.objc; name = FWTNotifiableAuthenticator.m; path = "Notifiable-iOS/Security/FWTNotifiableAuthenticator.m"; sourceTree = SOURCE_ROOT; };
		78843C661C4E55360044CE25 /* FWTRequesterManager.h */ = {isa = PBXFileReference; fileEncoding = 4; lastKnownFileType = sourcecode.c.h; name = FWTRequesterManager.h; path = "Notifiable-iOS/Network/FWTRequesterManager.h"; sourceTree = SOURCE_ROOT; };
		78843C671C4E55360044CE25 /* FWTRequesterManager.m */ = {isa = PBXFileReference; fileEncoding = 4; lastKnownFileType = sourcecode.c.objc; name = FWTRequesterManager.m; path = "Notifiable-iOS/Network/FWTRequesterManager.m"; sourceTree = SOURCE_ROOT; };
		78843C6B1C4E657B0044CE25 /* FWTNotifiableLogger.h */ = {isa = PBXFileReference; lastKnownFileType = sourcecode.c.h; name = FWTNotifiableLogger.h; path = "Notifiable-iOS/Logger/FWTNotifiableLogger.h"; sourceTree = SOURCE_ROOT; };
		78843C6D1C4E68AE0044CE25 /* FWTDefaultNotifiableLogger.h */ = {isa = PBXFileReference; fileEncoding = 4; lastKnownFileType = sourcecode.c.h; name = FWTDefaultNotifiableLogger.h; path = "Notifiable-iOS/Logger/FWTDefaultNotifiableLogger.h"; sourceTree = SOURCE_ROOT; };
		78843C6E1C4E68AE0044CE25 /* FWTDefaultNotifiableLogger.m */ = {isa = PBXFileReference; fileEncoding = 4; lastKnownFileType = sourcecode.c.objc; name = FWTDefaultNotifiableLogger.m; path = "Notifiable-iOS/Logger/FWTDefaultNotifiableLogger.m"; sourceTree = SOURCE_ROOT; };
		78843C711C4E9B090044CE25 /* FWTNotifiableDevice.h */ = {isa = PBXFileReference; fileEncoding = 4; lastKnownFileType = sourcecode.c.h; name = FWTNotifiableDevice.h; path = "Notifiable-iOS/Model/FWTNotifiableDevice.h"; sourceTree = SOURCE_ROOT; };
		78843C721C4E9B090044CE25 /* FWTNotifiableDevice.m */ = {isa = PBXFileReference; fileEncoding = 4; lastKnownFileType = sourcecode.c.objc; name = FWTNotifiableDevice.m; path = "Notifiable-iOS/Model/FWTNotifiableDevice.m"; sourceTree = SOURCE_ROOT; };
		78843C771C4E9D130044CE25 /* FWTNotifiableDevice+Private.h */ = {isa = PBXFileReference; fileEncoding = 4; lastKnownFileType = sourcecode.c.h; name = "FWTNotifiableDevice+Private.h"; path = "Notifiable-iOS/Model/FWTNotifiableDevice+Private.h"; sourceTree = SOURCE_ROOT; };
		78843C781C4E9D130044CE25 /* FWTNotifiableDevice+Private.m */ = {isa = PBXFileReference; fileEncoding = 4; lastKnownFileType = sourcecode.c.objc; name = "FWTNotifiableDevice+Private.m"; path = "Notifiable-iOS/Model/FWTNotifiableDevice+Private.m"; sourceTree = SOURCE_ROOT; };
		78CC4C421C47E62A0048A3A2 /* module.modulemap */ = {isa = PBXFileReference; fileEncoding = 4; lastKnownFileType = "sourcecode.module-map"; name = module.modulemap; path = Framework/module.modulemap; sourceTree = SOURCE_ROOT; };
		78CC4C431C47E96C0048A3A2 /* FWTNotifiable.h */ = {isa = PBXFileReference; fileEncoding = 4; lastKnownFileType = sourcecode.c.h; name = FWTNotifiable.h; path = Framework/FWTNotifiable.h; sourceTree = SOURCE_ROOT; };
		8E4119C917E9B9D1000CD6F3 /* libFWTNotifiable.a */ = {isa = PBXFileReference; explicitFileType = archive.ar; includeInIndex = 0; path = libFWTNotifiable.a; sourceTree = BUILT_PRODUCTS_DIR; };
		8E4119CC17E9B9D1000CD6F3 /* Foundation.framework */ = {isa = PBXFileReference; lastKnownFileType = wrapper.framework; name = Foundation.framework; path = System/Library/Frameworks/Foundation.framework; sourceTree = SDKROOT; };
		8E4119D917E9B9D1000CD6F3 /* Notifiable-iOSTests.xctest */ = {isa = PBXFileReference; explicitFileType = wrapper.cfbundle; includeInIndex = 0; path = "Notifiable-iOSTests.xctest"; sourceTree = BUILT_PRODUCTS_DIR; };
		8E4119DA17E9B9D1000CD6F3 /* XCTest.framework */ = {isa = PBXFileReference; lastKnownFileType = wrapper.framework; name = XCTest.framework; path = Library/Frameworks/XCTest.framework; sourceTree = DEVELOPER_DIR; };
		8E4119E417E9B9D1000CD6F3 /* Notifiable-iOSTests-Info.plist */ = {isa = PBXFileReference; lastKnownFileType = text.plist; name = "Notifiable-iOSTests-Info.plist"; path = "Notifiable-iOSTests/Notifiable-iOSTests-Info.plist"; sourceTree = "<group>"; };
		8E4119E617E9B9D1000CD6F3 /* en */ = {isa = PBXFileReference; lastKnownFileType = text.plist.strings; name = en; path = en.lproj/InfoPlist.strings; sourceTree = "<group>"; };
		8E4119E817E9B9D1000CD6F3 /* Notifiable-iOSTests.m */ = {isa = PBXFileReference; lastKnownFileType = sourcecode.c.objc; name = "Notifiable-iOSTests.m"; path = "Notifiable-iOSTests/Notifiable-iOSTests.m"; sourceTree = "<group>"; };
		8E4119F517E9BC53000CD6F3 /* UIKit.framework */ = {isa = PBXFileReference; lastKnownFileType = wrapper.framework; name = UIKit.framework; path = System/Library/Frameworks/UIKit.framework; sourceTree = SDKROOT; };
/* End PBXFileReference section */

/* Begin PBXFrameworksBuildPhase section */
		8E4119C617E9B9D1000CD6F3 /* Frameworks */ = {
			isa = PBXFrameworksBuildPhase;
			buildActionMask = 2147483647;
			files = (
				8E4119F617E9BC53000CD6F3 /* UIKit.framework in Frameworks */,
				8E4119CD17E9B9D1000CD6F3 /* Foundation.framework in Frameworks */,
			);
			runOnlyForDeploymentPostprocessing = 0;
		};
		8E4119D617E9B9D1000CD6F3 /* Frameworks */ = {
			isa = PBXFrameworksBuildPhase;
			buildActionMask = 2147483647;
			files = (
				8E4119DB17E9B9D1000CD6F3 /* XCTest.framework in Frameworks */,
				8E4119E117E9B9D1000CD6F3 /* libFWTNotifiable.a in Frameworks */,
				8E4119DC17E9B9D1000CD6F3 /* Foundation.framework in Frameworks */,
			);
			runOnlyForDeploymentPostprocessing = 0;
		};
/* End PBXFrameworksBuildPhase section */

/* Begin PBXGroup section */
		7837C7BB1C4D637E007B2F61 /* Category */ = {
			isa = PBXGroup;
			children = (
				7837C7BC1C4D63A4007B2F61 /* NSData+FWTNotifiable.h */,
				7837C7BD1C4D63A4007B2F61 /* NSData+FWTNotifiable.m */,
				7837C7BF1C4D7258007B2F61 /* NSError+FWTNotifiable.h */,
				7837C7C01C4D7258007B2F61 /* NSError+FWTNotifiable.m */,
			);
			name = Category;
			sourceTree = "<group>";
		};
		7879F6E91C494CF000C6176C /* Network */ = {
			isa = PBXGroup;
			children = (
				78843C661C4E55360044CE25 /* FWTRequesterManager.h */,
				78843C671C4E55360044CE25 /* FWTRequesterManager.m */,
				7879F6EA1C494D8E00C6176C /* FWTHTTPRequester.h */,
				7879F6EB1C494D8E00C6176C /* FWTHTTPRequester.m */,
			);
			name = Network;
			sourceTree = "<group>";
		};
		7879F6ED1C494EED00C6176C /* AFNetworking */ = {
			isa = PBXGroup;
			children = (
				7879F6EE1C494EED00C6176C /* AFNetworking */,
				7879F6FC1C494EED00C6176C /* LICENSE */,
				7879F6FD1C494EED00C6176C /* README.md */,
				7879F6FE1C494EED00C6176C /* UIKit+AFNetworking */,
			);
			name = AFNetworking;
			path = PushNotificationsTesterApp/Pods/AFNetworking;
			sourceTree = SOURCE_ROOT;
		};
		7879F6EE1C494EED00C6176C /* AFNetworking */ = {
			isa = PBXGroup;
			children = (
				7879F6EF1C494EED00C6176C /* AFHTTPSessionManager.h */,
				7879F6F01C494EED00C6176C /* AFHTTPSessionManager.m */,
				7879F6F11C494EED00C6176C /* AFNetworking.h */,
				7879F6F21C494EED00C6176C /* AFNetworkReachabilityManager.h */,
				7879F6F31C494EED00C6176C /* AFNetworkReachabilityManager.m */,
				7879F6F41C494EED00C6176C /* AFSecurityPolicy.h */,
				7879F6F51C494EED00C6176C /* AFSecurityPolicy.m */,
				7879F6F61C494EED00C6176C /* AFURLRequestSerialization.h */,
				7879F6F71C494EED00C6176C /* AFURLRequestSerialization.m */,
				7879F6F81C494EED00C6176C /* AFURLResponseSerialization.h */,
				7879F6F91C494EED00C6176C /* AFURLResponseSerialization.m */,
				7879F6FA1C494EED00C6176C /* AFURLSessionManager.h */,
				7879F6FB1C494EED00C6176C /* AFURLSessionManager.m */,
			);
			path = AFNetworking;
			sourceTree = "<group>";
		};
		7879F6FE1C494EED00C6176C /* UIKit+AFNetworking */ = {
			isa = PBXGroup;
			children = (
				7879F6FF1C494EED00C6176C /* AFAutoPurgingImageCache.h */,
				7879F7001C494EED00C6176C /* AFAutoPurgingImageCache.m */,
				7879F7011C494EED00C6176C /* AFImageDownloader.h */,
				7879F7021C494EED00C6176C /* AFImageDownloader.m */,
				7879F7031C494EED00C6176C /* AFNetworkActivityIndicatorManager.h */,
				7879F7041C494EED00C6176C /* AFNetworkActivityIndicatorManager.m */,
				7879F7051C494EED00C6176C /* UIActivityIndicatorView+AFNetworking.h */,
				7879F7061C494EED00C6176C /* UIActivityIndicatorView+AFNetworking.m */,
				7879F7071C494EED00C6176C /* UIButton+AFNetworking.h */,
				7879F7081C494EED00C6176C /* UIButton+AFNetworking.m */,
				7879F7091C494EED00C6176C /* UIImage+AFNetworking.h */,
				7879F70A1C494EED00C6176C /* UIImageView+AFNetworking.h */,
				7879F70B1C494EED00C6176C /* UIImageView+AFNetworking.m */,
				7879F70C1C494EED00C6176C /* UIKit+AFNetworking.h */,
				7879F70D1C494EED00C6176C /* UIProgressView+AFNetworking.h */,
				7879F70E1C494EED00C6176C /* UIProgressView+AFNetworking.m */,
				7879F70F1C494EED00C6176C /* UIRefreshControl+AFNetworking.h */,
				7879F7101C494EED00C6176C /* UIRefreshControl+AFNetworking.m */,
				7879F7111C494EED00C6176C /* UIWebView+AFNetworking.h */,
				7879F7121C494EED00C6176C /* UIWebView+AFNetworking.m */,
			);
			path = "UIKit+AFNetworking";
			sourceTree = "<group>";
		};
		7879F7231C49546900C6176C /* Security */ = {
			isa = PBXGroup;
			children = (
				7879F7241C49549400C6176C /* FWTNotifiableAuthenticator.h */,
				7879F7251C49549500C6176C /* FWTNotifiableAuthenticator.m */,
			);
			name = Security;
			sourceTree = "<group>";
		};
		78843C6A1C4E65610044CE25 /* Logger */ = {
			isa = PBXGroup;
			children = (
				78843C6B1C4E657B0044CE25 /* FWTNotifiableLogger.h */,
				78843C6D1C4E68AE0044CE25 /* FWTDefaultNotifiableLogger.h */,
				78843C6E1C4E68AE0044CE25 /* FWTDefaultNotifiableLogger.m */,
			);
			name = Logger;
			sourceTree = "<group>";
		};
		78843C701C4E9AF00044CE25 /* Model */ = {
			isa = PBXGroup;
			children = (
				78843C711C4E9B090044CE25 /* FWTNotifiableDevice.h */,
				78843C721C4E9B090044CE25 /* FWTNotifiableDevice.m */,
				78843C771C4E9D130044CE25 /* FWTNotifiableDevice+Private.h */,
				78843C781C4E9D130044CE25 /* FWTNotifiableDevice+Private.m */,
			);
			name = Model;
			sourceTree = "<group>";
		};
		8E4119C017E9B9D1000CD6F3 = {
			isa = PBXGroup;
			children = (
				8E4119CE17E9B9D1000CD6F3 /* Notifiable-iOS */,
				8E4119E217E9B9D1000CD6F3 /* Notifiable-iOSTests */,
				8E4119CB17E9B9D1000CD6F3 /* Frameworks */,
				8E4119CA17E9B9D1000CD6F3 /* Products */,
			);
			sourceTree = "<group>";
		};
		8E4119CA17E9B9D1000CD6F3 /* Products */ = {
			isa = PBXGroup;
			children = (
				8E4119C917E9B9D1000CD6F3 /* libFWTNotifiable.a */,
				8E4119D917E9B9D1000CD6F3 /* Notifiable-iOSTests.xctest */,
			);
			name = Products;
			sourceTree = "<group>";
		};
		8E4119CB17E9B9D1000CD6F3 /* Frameworks */ = {
			isa = PBXGroup;
			children = (
				8E4119F517E9BC53000CD6F3 /* UIKit.framework */,
				8E4119CC17E9B9D1000CD6F3 /* Foundation.framework */,
				8E4119DA17E9B9D1000CD6F3 /* XCTest.framework */,
			);
			name = Frameworks;
			sourceTree = "<group>";
		};
		8E4119CE17E9B9D1000CD6F3 /* Notifiable-iOS */ = {
			isa = PBXGroup;
			children = (
				78843C701C4E9AF00044CE25 /* Model */,
				78843C6A1C4E65610044CE25 /* Logger */,
				7837C7BB1C4D637E007B2F61 /* Category */,
				7879F7231C49546900C6176C /* Security */,
				7879F6ED1C494EED00C6176C /* AFNetworking */,
				7879F6E91C494CF000C6176C /* Network */,
				65598A0F187C59EB00C46A51 /* FWTNotifiableManager.h */,
				65598A10187C59EB00C46A51 /* FWTNotifiableManager.m */,
				8E4119CF17E9B9D1000CD6F3 /* Supporting Files */,
			);
			name = "Notifiable-iOS";
			path = FWTPushNotifications;
			sourceTree = "<group>";
		};
		8E4119CF17E9B9D1000CD6F3 /* Supporting Files */ = {
			isa = PBXGroup;
			children = (
				78CC4C431C47E96C0048A3A2 /* FWTNotifiable.h */,
				78CC4C421C47E62A0048A3A2 /* module.modulemap */,
			);
			name = "Supporting Files";
			sourceTree = "<group>";
		};
		8E4119E217E9B9D1000CD6F3 /* Notifiable-iOSTests */ = {
			isa = PBXGroup;
			children = (
				8E4119E817E9B9D1000CD6F3 /* Notifiable-iOSTests.m */,
				8E4119E317E9B9D1000CD6F3 /* Supporting Files */,
			);
			name = "Notifiable-iOSTests";
			path = FWTPushNotificationsTests;
			sourceTree = "<group>";
		};
		8E4119E317E9B9D1000CD6F3 /* Supporting Files */ = {
			isa = PBXGroup;
			children = (
				8E4119E417E9B9D1000CD6F3 /* Notifiable-iOSTests-Info.plist */,
				8E4119E517E9B9D1000CD6F3 /* InfoPlist.strings */,
			);
			name = "Supporting Files";
			sourceTree = "<group>";
		};
/* End PBXGroup section */

/* Begin PBXNativeTarget section */
		8E4119C817E9B9D1000CD6F3 /* Notifiable-iOS */ = {
			isa = PBXNativeTarget;
			buildConfigurationList = 8E4119EC17E9B9D1000CD6F3 /* Build configuration list for PBXNativeTarget "Notifiable-iOS" */;
			buildPhases = (
				8E4119C517E9B9D1000CD6F3 /* Sources */,
				8E4119C617E9B9D1000CD6F3 /* Frameworks */,
				8E4119C717E9B9D1000CD6F3 /* CopyFiles */,
			);
			buildRules = (
			);
			dependencies = (
			);
			name = "Notifiable-iOS";
			productName = FWTPushNotifications;
			productReference = 8E4119C917E9B9D1000CD6F3 /* libFWTNotifiable.a */;
			productType = "com.apple.product-type.library.static";
		};
		8E4119D817E9B9D1000CD6F3 /* Notifiable-iOSTests */ = {
			isa = PBXNativeTarget;
			buildConfigurationList = 8E4119EF17E9B9D1000CD6F3 /* Build configuration list for PBXNativeTarget "Notifiable-iOSTests" */;
			buildPhases = (
				8E4119D517E9B9D1000CD6F3 /* Sources */,
				8E4119D617E9B9D1000CD6F3 /* Frameworks */,
				8E4119D717E9B9D1000CD6F3 /* Resources */,
			);
			buildRules = (
			);
			dependencies = (
				8E4119E017E9B9D1000CD6F3 /* PBXTargetDependency */,
			);
			name = "Notifiable-iOSTests";
			productName = FWTPushNotificationsTests;
			productReference = 8E4119D917E9B9D1000CD6F3 /* Notifiable-iOSTests.xctest */;
			productType = "com.apple.product-type.bundle.unit-test";
		};
/* End PBXNativeTarget section */

/* Begin PBXProject section */
		8E4119C117E9B9D1000CD6F3 /* Project object */ = {
			isa = PBXProject;
			attributes = {
				LastUpgradeCheck = 0720;
				ORGANIZATIONNAME = "Future Workshops";
			};
			buildConfigurationList = 8E4119C417E9B9D1000CD6F3 /* Build configuration list for PBXProject "Notifiable-iOS" */;
			compatibilityVersion = "Xcode 3.2";
			developmentRegion = English;
			hasScannedForEncodings = 0;
			knownRegions = (
				en,
			);
			mainGroup = 8E4119C017E9B9D1000CD6F3;
			productRefGroup = 8E4119CA17E9B9D1000CD6F3 /* Products */;
			projectDirPath = "";
			projectRoot = "";
			targets = (
				8E4119C817E9B9D1000CD6F3 /* Notifiable-iOS */,
				8E4119D817E9B9D1000CD6F3 /* Notifiable-iOSTests */,
			);
		};
/* End PBXProject section */

/* Begin PBXResourcesBuildPhase section */
		8E4119D717E9B9D1000CD6F3 /* Resources */ = {
			isa = PBXResourcesBuildPhase;
			buildActionMask = 2147483647;
			files = (
				8E4119E717E9B9D1000CD6F3 /* InfoPlist.strings in Resources */,
			);
			runOnlyForDeploymentPostprocessing = 0;
		};
/* End PBXResourcesBuildPhase section */

/* Begin PBXSourcesBuildPhase section */
		8E4119C517E9B9D1000CD6F3 /* Sources */ = {
			isa = PBXSourcesBuildPhase;
			buildActionMask = 2147483647;
			files = (
				7879F7201C494EED00C6176C /* UIProgressView+AFNetworking.m in Sources */,
				7879F7131C494EED00C6176C /* AFHTTPSessionManager.m in Sources */,
				78843C731C4E9B090044CE25 /* FWTNotifiableDevice.m in Sources */,
				7837C7C11C4D7258007B2F61 /* NSError+FWTNotifiable.m in Sources */,
				78843C791C4E9D130044CE25 /* FWTNotifiableDevice+Private.m in Sources */,
				7879F7221C494EED00C6176C /* UIWebView+AFNetworking.m in Sources */,
				7879F71F1C494EED00C6176C /* UIImageView+AFNetworking.m in Sources */,
				7879F7181C494EED00C6176C /* AFURLSessionManager.m in Sources */,
				7879F71E1C494EED00C6176C /* UIButton+AFNetworking.m in Sources */,
				7879F7151C494EED00C6176C /* AFSecurityPolicy.m in Sources */,
				65598A13187C59EB00C46A51 /* FWTNotifiableManager.m in Sources */,
				7879F7211C494EED00C6176C /* UIRefreshControl+AFNetworking.m in Sources */,
				7879F7161C494EED00C6176C /* AFURLRequestSerialization.m in Sources */,
				7879F7261C49549500C6176C /* FWTNotifiableAuthenticator.m in Sources */,
				78843C6F1C4E68AE0044CE25 /* FWTDefaultNotifiableLogger.m in Sources */,
				7879F71A1C494EED00C6176C /* AFAutoPurgingImageCache.m in Sources */,
				78843C681C4E55360044CE25 /* FWTRequesterManager.m in Sources */,
				7879F7141C494EED00C6176C /* AFNetworkReachabilityManager.m in Sources */,
				7879F71C1C494EED00C6176C /* AFNetworkActivityIndicatorManager.m in Sources */,
				7837C7BE1C4D63A4007B2F61 /* NSData+FWTNotifiable.m in Sources */,
				7879F7171C494EED00C6176C /* AFURLResponseSerialization.m in Sources */,
				7879F6EC1C494D8E00C6176C /* FWTHTTPRequester.m in Sources */,
				7879F71B1C494EED00C6176C /* AFImageDownloader.m in Sources */,
				7879F71D1C494EED00C6176C /* UIActivityIndicatorView+AFNetworking.m in Sources */,
			);
			runOnlyForDeploymentPostprocessing = 0;
		};
		8E4119D517E9B9D1000CD6F3 /* Sources */ = {
			isa = PBXSourcesBuildPhase;
			buildActionMask = 2147483647;
			files = (
				8E4119E917E9B9D1000CD6F3 /* Notifiable-iOSTests.m in Sources */,
			);
			runOnlyForDeploymentPostprocessing = 0;
		};
/* End PBXSourcesBuildPhase section */

/* Begin PBXTargetDependency section */
		8E4119E017E9B9D1000CD6F3 /* PBXTargetDependency */ = {
			isa = PBXTargetDependency;
			target = 8E4119C817E9B9D1000CD6F3 /* Notifiable-iOS */;
			targetProxy = 8E4119DF17E9B9D1000CD6F3 /* PBXContainerItemProxy */;
		};
/* End PBXTargetDependency section */

/* Begin PBXVariantGroup section */
		8E4119E517E9B9D1000CD6F3 /* InfoPlist.strings */ = {
			isa = PBXVariantGroup;
			children = (
				8E4119E617E9B9D1000CD6F3 /* en */,
			);
			name = InfoPlist.strings;
			path = "Notifiable-iOSTests";
			sourceTree = "<group>";
		};
/* End PBXVariantGroup section */

/* Begin XCBuildConfiguration section */
		8E4119EA17E9B9D1000CD6F3 /* Debug */ = {
			isa = XCBuildConfiguration;
			buildSettings = {
				ALWAYS_SEARCH_USER_PATHS = NO;
				CLANG_CXX_LANGUAGE_STANDARD = "gnu++0x";
				CLANG_CXX_LIBRARY = "libc++";
				CLANG_ENABLE_MODULES = YES;
				CLANG_ENABLE_OBJC_ARC = YES;
				CLANG_WARN_BOOL_CONVERSION = YES;
				CLANG_WARN_CONSTANT_CONVERSION = YES;
				CLANG_WARN_DIRECT_OBJC_ISA_USAGE = YES_ERROR;
				CLANG_WARN_EMPTY_BODY = YES;
				CLANG_WARN_ENUM_CONVERSION = YES;
				CLANG_WARN_INT_CONVERSION = YES;
				CLANG_WARN_OBJC_ROOT_CLASS = YES_ERROR;
				CLANG_WARN__DUPLICATE_METHOD_MATCH = YES;
				COPY_PHASE_STRIP = NO;
				ENABLE_TESTABILITY = YES;
				GCC_C_LANGUAGE_STANDARD = gnu99;
				GCC_DYNAMIC_NO_PIC = NO;
				GCC_OPTIMIZATION_LEVEL = 0;
				GCC_PREPROCESSOR_DEFINITIONS = (
					"DEBUG=1",
					"$(inherited)",
				);
				GCC_SYMBOLS_PRIVATE_EXTERN = NO;
				GCC_WARN_64_TO_32_BIT_CONVERSION = YES;
				GCC_WARN_ABOUT_RETURN_TYPE = YES_ERROR;
				GCC_WARN_UNDECLARED_SELECTOR = YES;
				GCC_WARN_UNINITIALIZED_AUTOS = YES;
				GCC_WARN_UNUSED_FUNCTION = YES;
				GCC_WARN_UNUSED_VARIABLE = YES;
				IPHONEOS_DEPLOYMENT_TARGET = 8.0;
				ONLY_ACTIVE_ARCH = YES;
				SDKROOT = iphoneos;
			};
			name = Debug;
		};
		8E4119EB17E9B9D1000CD6F3 /* Release */ = {
			isa = XCBuildConfiguration;
			buildSettings = {
				ALWAYS_SEARCH_USER_PATHS = NO;
				CLANG_CXX_LANGUAGE_STANDARD = "gnu++0x";
				CLANG_CXX_LIBRARY = "libc++";
				CLANG_ENABLE_MODULES = YES;
				CLANG_ENABLE_OBJC_ARC = YES;
				CLANG_WARN_BOOL_CONVERSION = YES;
				CLANG_WARN_CONSTANT_CONVERSION = YES;
				CLANG_WARN_DIRECT_OBJC_ISA_USAGE = YES_ERROR;
				CLANG_WARN_EMPTY_BODY = YES;
				CLANG_WARN_ENUM_CONVERSION = YES;
				CLANG_WARN_INT_CONVERSION = YES;
				CLANG_WARN_OBJC_ROOT_CLASS = YES_ERROR;
				CLANG_WARN__DUPLICATE_METHOD_MATCH = YES;
				COPY_PHASE_STRIP = YES;
				ENABLE_NS_ASSERTIONS = NO;
				GCC_C_LANGUAGE_STANDARD = gnu99;
				GCC_WARN_64_TO_32_BIT_CONVERSION = YES;
				GCC_WARN_ABOUT_RETURN_TYPE = YES_ERROR;
				GCC_WARN_UNDECLARED_SELECTOR = YES;
				GCC_WARN_UNINITIALIZED_AUTOS = YES;
				GCC_WARN_UNUSED_FUNCTION = YES;
				GCC_WARN_UNUSED_VARIABLE = YES;
				IPHONEOS_DEPLOYMENT_TARGET = 8.0;
				SDKROOT = iphoneos;
				VALIDATE_PRODUCT = YES;
			};
			name = Release;
		};
		8E4119ED17E9B9D1000CD6F3 /* Debug */ = {
			isa = XCBuildConfiguration;
			buildSettings = {
				DEFINES_MODULE = YES;
				DSTROOT = "/tmp/Notifiable-iOS.dst";
				GCC_PRECOMPILE_PREFIX_HEADER = NO;
				GCC_PREFIX_HEADER = "";
				GCC_TREAT_WARNINGS_AS_ERRORS = YES;
				LIBRARY_SEARCH_PATHS = (
					"$(inherited)",
					"$(SDKROOT)/usr/lib/system",
				);
				MODULEMAP_FILE = "$(PROJECT_DIR)/Framework/module.modulemap";
				MODULE_NAME = "$(PRODUCT_NAME:c99extidentifier)";
				OTHER_LDFLAGS = "-ObjC";
				PRODUCT_NAME = FWTNotifiable;
				SKIP_INSTALL = YES;
			};
			name = Debug;
		};
		8E4119EE17E9B9D1000CD6F3 /* Release */ = {
			isa = XCBuildConfiguration;
			buildSettings = {
				DEFINES_MODULE = YES;
				DSTROOT = "/tmp/Notifiable-iOS.dst";
				GCC_PRECOMPILE_PREFIX_HEADER = NO;
				GCC_PREFIX_HEADER = "";
				GCC_TREAT_WARNINGS_AS_ERRORS = YES;
				LIBRARY_SEARCH_PATHS = (
					"$(inherited)",
					"$(SDKROOT)/usr/lib/system",
				);
				MODULEMAP_FILE = "$(PROJECT_DIR)/Framework/module.modulemap";
				MODULE_NAME = "$(PRODUCT_NAME:c99extidentifier)";
				OTHER_LDFLAGS = "-ObjC";
				PRODUCT_NAME = FWTNotifiable;
				SKIP_INSTALL = YES;
			};
			name = Release;
		};
		8E4119F017E9B9D1000CD6F3 /* Debug */ = {
			isa = XCBuildConfiguration;
			buildSettings = {
				FRAMEWORK_SEARCH_PATHS = (
					"$(SDKROOT)/Developer/Library/Frameworks",
					"$(inherited)",
					"$(DEVELOPER_FRAMEWORKS_DIR)",
				);
				GCC_PRECOMPILE_PREFIX_HEADER = YES;
				GCC_PREFIX_HEADER = "FWTPushNotifications/FWTPushNotifications-Prefix.pch";
				GCC_PREPROCESSOR_DEFINITIONS = (
					"DEBUG=1",
					"$(inherited)",
				);
				INFOPLIST_FILE = "FWTPushNotificationsTests/Notifiable-iOSTests-Info.plist";
				PRODUCT_NAME = "Notifiable-iOSTests";
				WRAPPER_EXTENSION = xctest;
			};
			name = Debug;
		};
		8E4119F117E9B9D1000CD6F3 /* Release */ = {
			isa = XCBuildConfiguration;
			buildSettings = {
				FRAMEWORK_SEARCH_PATHS = (
					"$(SDKROOT)/Developer/Library/Frameworks",
					"$(inherited)",
					"$(DEVELOPER_FRAMEWORKS_DIR)",
				);
				GCC_PRECOMPILE_PREFIX_HEADER = YES;
				GCC_PREFIX_HEADER = "FWTPushNotifications/FWTPushNotifications-Prefix.pch";
				INFOPLIST_FILE = "FWTPushNotificationsTests/Notifiable-iOSTests-Info.plist";
				PRODUCT_NAME = "Notifiable-iOSTests";
				WRAPPER_EXTENSION = xctest;
			};
			name = Release;
		};
/* End XCBuildConfiguration section */

/* Begin XCConfigurationList section */
		8E4119C417E9B9D1000CD6F3 /* Build configuration list for PBXProject "Notifiable-iOS" */ = {
			isa = XCConfigurationList;
			buildConfigurations = (
				8E4119EA17E9B9D1000CD6F3 /* Debug */,
				8E4119EB17E9B9D1000CD6F3 /* Release */,
			);
			defaultConfigurationIsVisible = 0;
			defaultConfigurationName = Release;
		};
		8E4119EC17E9B9D1000CD6F3 /* Build configuration list for PBXNativeTarget "Notifiable-iOS" */ = {
			isa = XCConfigurationList;
			buildConfigurations = (
				8E4119ED17E9B9D1000CD6F3 /* Debug */,
				8E4119EE17E9B9D1000CD6F3 /* Release */,
			);
			defaultConfigurationIsVisible = 0;
			defaultConfigurationName = Release;
		};
		8E4119EF17E9B9D1000CD6F3 /* Build configuration list for PBXNativeTarget "Notifiable-iOSTests" */ = {
			isa = XCConfigurationList;
			buildConfigurations = (
				8E4119F017E9B9D1000CD6F3 /* Debug */,
				8E4119F117E9B9D1000CD6F3 /* Release */,
			);
			defaultConfigurationIsVisible = 0;
			defaultConfigurationName = Release;
		};
/* End XCConfigurationList section */
	};
	rootObject = 8E4119C117E9B9D1000CD6F3 /* Project object */;
}
