PODS:
  - Keys (1.0.1)
  - Notifiable (1.2)
  - SVProgressHUD (2.2.5)

DEPENDENCIES:
  - Keys (from `Pods/CocoaPodsKeys`)
  - Notifiable (from `..`)
  - SVProgressHUD (~> 2.2.5)

SPEC REPOS:
  https://github.com/CocoaPods/Specs.git:
    - SVProgressHUD

EXTERNAL SOURCES:
  Keys:
    :path: Pods/CocoaPodsKeys
  Notifiable:
    :path: ".."

SPEC CHECKSUMS:
  Keys: a576f4c9c1c641ca913a959a9c62ed3f215a8de9
  Notifiable: cec4e04c88389bcb1666ae07e4f7c94d53bb8bf7
  SVProgressHUD: 1428aafac632c1f86f62aa4243ec12008d7a51d6

PODFILE CHECKSUM: 8ac137fc07aacbe75db67bd1c45ad5b8aa8a8e82

COCOAPODS: 1.5.0
