PODS:
  - AFNetworking (1.3.4)
  - Keys (1.0.0)
  - Notifiable-iOS (0.1.0):
    - AFNetworking (~> 1.3.4)
  - SVProgressHUD (1.1.3)

DEPENDENCIES:
  - Keys (from `Pods/CocoaPodsKeys`)
  - Notifiable-iOS (from `..`)
  - SVProgressHUD (~> 1.1)

EXTERNAL SOURCES:
  Keys:
    :path: Pods/CocoaPodsKeys
  Notifiable-iOS:
    :path: ".."

SPEC CHECKSUMS:
  AFNetworking: cf8e418e16f0c9c7e5c3150d019a3c679d015018
  Keys: 7d2ff6ff42f6903358267ce56e9392f83c31acfe
  Notifiable-iOS: ef83900c7033d29aac9d5584d5e67c796fa4e9c8
  SVProgressHUD: 748080e4f36e603f6c02aec292664239df5279c1

COCOAPODS: 0.39.0
