PODS:
  - Keys (1.0.1)
  - Notifiable (1.0.2)
  - SVProgressHUD (2.2.5)

DEPENDENCIES:
  - Keys (from `Pods/CocoaPodsKeys`)
  - Notifiable (from `..`)
  - SVProgressHUD (~> 2.2.5)

SPEC REPOS:
  https://github.com/CocoaPods/Specs.git:
    - SVProgressHUD

EXTERNAL SOURCES:
  Keys:
    :path: Pods/CocoaPodsKeys
  Notifiable:
    :path: ".."

SPEC CHECKSUMS:
  Keys: a576f4c9c1c641ca913a959a9c62ed3f215a8de9
  Notifiable: 21604334710ca68fb917af1ed3ec5139f11b957b
  SVProgressHUD: 1428aafac632c1f86f62aa4243ec12008d7a51d6

PODFILE CHECKSUM: c56fea5d7deca27732c80216c41370561c55e3a8

COCOAPODS: 1.5.0
