PODS:
  - AFNetworking (1.3.4)
  - Notifiable (0.0.13):
    - AFNetworking (~> 1.3)

DEPENDENCIES:
  - Notifiable (from `..`)

EXTERNAL SOURCES:
  Notifiable:
    :path: ".."

SPEC CHECKSUMS:
  AFNetworking: cf8e418e16f0c9c7e5c3150d019a3c679d015018
  Notifiable: 5a61f7ebd44064b805cb33e95fa564d1c3b8d80c

COCOAPODS: 0.38.2
